
Microsoft Visual Studio Solution File, Format Version 12.00
# Visual Studio 15
VisualStudioVersion = 15.0.28307.645
MinimumVisualStudioVersion = 10.0.40219.1
Project("{159641D6-6404-4A2A-AE62-294DE0FE8301}") = "WebServiceToSql", "WebServiceToSql\WebServiceToSql.dtproj", "{3801DC0F-B1EA-4210-9DE0-6EB0D05298C6}"
EndProject
Global
	GlobalSection(SolutionConfigurationPlatforms) = preSolution
		Development|Default = Development|Default
	EndGlobalSection
	GlobalSection(ProjectConfigurationPlatforms) = postSolution
		{3801DC0F-B1EA-4210-9DE0-6EB0D05298C6}.Development|Default.ActiveCfg = Development
		{3801DC0F-B1EA-4210-9DE0-6EB0D05298C6}.Development|Default.Build.0 = Development
	EndGlobalSection
	GlobalSection(SolutionProperties) = preSolution
		HideSolutionNode = FALSE
	EndGlobalSection
	GlobalSection(ExtensibilityGlobals) = postSolution
		SolutionGuid = {FD170652-FE8D-4CC8-9A46-ED8CF71424B7}
	EndGlobalSection
EndGlobal
